
Microsoft Visual Studio Solution File, Format Version 12.00
# Visual Studio Version 17
VisualStudioVersion = 17.10.35122.118
MinimumVisualStudioVersion = 10.0.40219.1
Project("{9A19103F-16F7-4668-BE54-9A1E7A4F7556}") = "InventarVali", "InventarVali\InventarVali.csproj", "{5E2DBA5F-E77A-4C19-977E-01FD6A597EF2}"
EndProject
Project("{FAE04EC0-301F-11D3-BF4B-00C04F79EFBC}") = "InventarVali.DataAccess", "InventarVali.DataAccess\InventarVali.DataAccess.csproj", "{C1B71151-27BF-4BE1-A474-3388E79AC97D}"
EndProject
Project("{FAE04EC0-301F-11D3-BF4B-00C04F79EFBC}") = "InventarVali.Models", "InventarVali.Models\InventarVali.Models.csproj", "{986672AA-D5FD-4F99-80B6-B41462045336}"
EndProject
Project("{FAE04EC0-301F-11D3-BF4B-00C04F79EFBC}") = "InventarVali.Utility", "InventarVali.Utility\InventarVali.Utility.csproj", "{96B4E935-CAC6-4134-9080-018C77270A57}"
EndProject
Global
	GlobalSection(SolutionConfigurationPlatforms) = preSolution
		Debug|Any CPU = Debug|Any CPU
		Release|Any CPU = Release|Any CPU
	EndGlobalSection
	GlobalSection(ProjectConfigurationPlatforms) = postSolution
		{5E2DBA5F-E77A-4C19-977E-01FD6A597EF2}.Debug|Any CPU.ActiveCfg = Debug|Any CPU
		{5E2DBA5F-E77A-4C19-977E-01FD6A597EF2}.Debug|Any CPU.Build.0 = Debug|Any CPU
		{5E2DBA5F-E77A-4C19-977E-01FD6A597EF2}.Release|Any CPU.ActiveCfg = Release|Any CPU
		{5E2DBA5F-E77A-4C19-977E-01FD6A597EF2}.Release|Any CPU.Build.0 = Release|Any CPU
		{C1B71151-27BF-4BE1-A474-3388E79AC97D}.Debug|Any CPU.ActiveCfg = Debug|Any CPU
		{C1B71151-27BF-4BE1-A474-3388E79AC97D}.Debug|Any CPU.Build.0 = Debug|Any CPU
		{C1B71151-27BF-4BE1-A474-3388E79AC97D}.Release|Any CPU.ActiveCfg = Release|Any CPU
		{C1B71151-27BF-4BE1-A474-3388E79AC97D}.Release|Any CPU.Build.0 = Release|Any CPU
		{986672AA-D5FD-4F99-80B6-B41462045336}.Debug|Any CPU.ActiveCfg = Debug|Any CPU
		{986672AA-D5FD-4F99-80B6-B41462045336}.Debug|Any CPU.Build.0 = Debug|Any CPU
		{986672AA-D5FD-4F99-80B6-B41462045336}.Release|Any CPU.ActiveCfg = Release|Any CPU
		{986672AA-D5FD-4F99-80B6-B41462045336}.Release|Any CPU.Build.0 = Release|Any CPU
		{96B4E935-CAC6-4134-9080-018C77270A57}.Debug|Any CPU.ActiveCfg = Debug|Any CPU
		{96B4E935-CAC6-4134-9080-018C77270A57}.Debug|Any CPU.Build.0 = Debug|Any CPU
		{96B4E935-CAC6-4134-9080-018C77270A57}.Release|Any CPU.ActiveCfg = Release|Any CPU
		{96B4E935-CAC6-4134-9080-018C77270A57}.Release|Any CPU.Build.0 = Release|Any CPU
	EndGlobalSection
	GlobalSection(SolutionProperties) = preSolution
		HideSolutionNode = FALSE
	EndGlobalSection
	GlobalSection(ExtensibilityGlobals) = postSolution
		SolutionGuid = {B1851425-2D0E-47C6-96BC-7CDD7DA3DD88}
	EndGlobalSection
EndGlobal
